
Microsoft Visual Studio Solution File, Format Version 12.00
# Visual Studio 15
VisualStudioVersion = 15.0.27130.2024
MinimumVisualStudioVersion = 10.0.40219.1
Project("{FAE04EC0-301F-11D3-BF4B-00C04F79EFBC}") = "ProyectoIngenieria", "ProyectoIngenieria\ProyectoIngenieria.csproj", "{7CDE969C-6163-4D3A-BBC1-EE68121BC2EE}"
EndProject
Global
	GlobalSection(SolutionConfigurationPlatforms) = preSolution
		Debug|Any CPU = Debug|Any CPU
		Release|Any CPU = Release|Any CPU
	EndGlobalSection
	GlobalSection(ProjectConfigurationPlatforms) = postSolution
		{7CDE969C-6163-4D3A-BBC1-EE68121BC2EE}.Debug|Any CPU.ActiveCfg = Debug|Any CPU
		{7CDE969C-6163-4D3A-BBC1-EE68121BC2EE}.Debug|Any CPU.Build.0 = Debug|Any CPU
		{7CDE969C-6163-4D3A-BBC1-EE68121BC2EE}.Release|Any CPU.ActiveCfg = Release|Any CPU
		{7CDE969C-6163-4D3A-BBC1-EE68121BC2EE}.Release|Any CPU.Build.0 = Release|Any CPU
	EndGlobalSection
	GlobalSection(SolutionProperties) = preSolution
		HideSolutionNode = FALSE
	EndGlobalSection
	GlobalSection(ExtensibilityGlobals) = postSolution
		SolutionGuid = {BDF020ED-3C7B-4FDD-A1BB-BD653E7423F2}
	EndGlobalSection
EndGlobal
